
Microsoft Visual Studio Solution File, Format Version 10.00
# Visual Studio 2008
Project("{8BC9CEB8-8B4A-11D0-8D11-00A0C91BC942}") = "D", "D.vcproj", "{4AE0BC09-725F-4812-9F44-5DD87F89188B}"
EndProject
Global
	GlobalSection(SolutionConfigurationPlatforms) = preSolution
		Debug|Win32 = Debug|Win32
		Release|Win32 = Release|Win32
	EndGlobalSection
	GlobalSection(ProjectConfigurationPlatforms) = postSolution
		{4AE0BC09-725F-4812-9F44-5DD87F89188B}.Debug|Win32.ActiveCfg = Debug|Win32
		{4AE0BC09-725F-4812-9F44-5DD87F89188B}.Debug|Win32.Build.0 = Debug|Win32
		{4AE0BC09-725F-4812-9F44-5DD87F89188B}.Release|Win32.ActiveCfg = Release|Win32
		{4AE0BC09-725F-4812-9F44-5DD87F89188B}.Release|Win32.Build.0 = Release|Win32
	EndGlobalSection
	GlobalSection(SolutionProperties) = preSolution
		HideSolutionNode = FALSE
	EndGlobalSection
EndGlobal
