
Microsoft Visual Studio Solution File, Format Version 10.00
# Visual Studio 2008
Project("{8BC9CEB8-8B4A-11D0-8D11-00A0C91BC942}") = "B", "B.vcproj", "{AD9EF3F8-9EF2-4AFD-85C4-403277882220}"
EndProject
Global
	GlobalSection(SolutionConfigurationPlatforms) = preSolution
		Debug|Win32 = Debug|Win32
		Release|Win32 = Release|Win32
	EndGlobalSection
	GlobalSection(ProjectConfigurationPlatforms) = postSolution
		{AD9EF3F8-9EF2-4AFD-85C4-403277882220}.Debug|Win32.ActiveCfg = Debug|Win32
		{AD9EF3F8-9EF2-4AFD-85C4-403277882220}.Debug|Win32.Build.0 = Debug|Win32
		{AD9EF3F8-9EF2-4AFD-85C4-403277882220}.Release|Win32.ActiveCfg = Release|Win32
		{AD9EF3F8-9EF2-4AFD-85C4-403277882220}.Release|Win32.Build.0 = Release|Win32
	EndGlobalSection
	GlobalSection(SolutionProperties) = preSolution
		HideSolutionNode = FALSE
	EndGlobalSection
EndGlobal
