
Microsoft Visual Studio Solution File, Format Version 10.00
# Visual Studio 2008
Project("{8BC9CEB8-8B4A-11D0-8D11-00A0C91BC942}") = "20100402D", "20100402D.vcproj", "{E53D6E56-2B0F-4C61-9060-BCB284B47AB7}"
EndProject
Global
	GlobalSection(SolutionConfigurationPlatforms) = preSolution
		Debug|Win32 = Debug|Win32
		Release|Win32 = Release|Win32
	EndGlobalSection
	GlobalSection(ProjectConfigurationPlatforms) = postSolution
		{E53D6E56-2B0F-4C61-9060-BCB284B47AB7}.Debug|Win32.ActiveCfg = Debug|Win32
		{E53D6E56-2B0F-4C61-9060-BCB284B47AB7}.Debug|Win32.Build.0 = Debug|Win32
		{E53D6E56-2B0F-4C61-9060-BCB284B47AB7}.Release|Win32.ActiveCfg = Release|Win32
		{E53D6E56-2B0F-4C61-9060-BCB284B47AB7}.Release|Win32.Build.0 = Release|Win32
	EndGlobalSection
	GlobalSection(SolutionProperties) = preSolution
		HideSolutionNode = FALSE
	EndGlobalSection
EndGlobal
