
Microsoft Visual Studio Solution File, Format Version 10.00
# Visual Studio 2008
Project("{8BC9CEB8-8B4A-11D0-8D11-00A0C91BC942}") = "C", "C.vcproj", "{F0118B30-CB48-4A83-84FF-53B6A165CFEB}"
EndProject
Global
	GlobalSection(SolutionConfigurationPlatforms) = preSolution
		Debug|Win32 = Debug|Win32
		Release|Win32 = Release|Win32
	EndGlobalSection
	GlobalSection(ProjectConfigurationPlatforms) = postSolution
		{F0118B30-CB48-4A83-84FF-53B6A165CFEB}.Debug|Win32.ActiveCfg = Debug|Win32
		{F0118B30-CB48-4A83-84FF-53B6A165CFEB}.Debug|Win32.Build.0 = Debug|Win32
		{F0118B30-CB48-4A83-84FF-53B6A165CFEB}.Release|Win32.ActiveCfg = Release|Win32
		{F0118B30-CB48-4A83-84FF-53B6A165CFEB}.Release|Win32.Build.0 = Release|Win32
	EndGlobalSection
	GlobalSection(SolutionProperties) = preSolution
		HideSolutionNode = FALSE
	EndGlobalSection
EndGlobal
