
Microsoft Visual Studio Solution File, Format Version 10.00
# Visual Studio 2008
Project("{8BC9CEB8-8B4A-11D0-8D11-00A0C91BC942}") = "A", "A.vcproj", "{347C0C0F-7EE6-4DEE-804A-8B13BFFF40B9}"
EndProject
Global
	GlobalSection(SolutionConfigurationPlatforms) = preSolution
		Debug|Win32 = Debug|Win32
		Release|Win32 = Release|Win32
	EndGlobalSection
	GlobalSection(ProjectConfigurationPlatforms) = postSolution
		{347C0C0F-7EE6-4DEE-804A-8B13BFFF40B9}.Debug|Win32.ActiveCfg = Debug|Win32
		{347C0C0F-7EE6-4DEE-804A-8B13BFFF40B9}.Debug|Win32.Build.0 = Debug|Win32
		{347C0C0F-7EE6-4DEE-804A-8B13BFFF40B9}.Release|Win32.ActiveCfg = Release|Win32
		{347C0C0F-7EE6-4DEE-804A-8B13BFFF40B9}.Release|Win32.Build.0 = Release|Win32
	EndGlobalSection
	GlobalSection(SolutionProperties) = preSolution
		HideSolutionNode = FALSE
	EndGlobalSection
EndGlobal
