
Microsoft Visual Studio Solution File, Format Version 10.00
# Visual Studio 2008
Project("{8BC9CEB8-8B4A-11D0-8D11-00A0C91BC942}") = "D_a", "D_a.vcproj", "{41BC94FB-6C58-4E3E-ADFA-D7488F3D0C5A}"
EndProject
Global
	GlobalSection(SolutionConfigurationPlatforms) = preSolution
		Debug|Win32 = Debug|Win32
		Release|Win32 = Release|Win32
	EndGlobalSection
	GlobalSection(ProjectConfigurationPlatforms) = postSolution
		{41BC94FB-6C58-4E3E-ADFA-D7488F3D0C5A}.Debug|Win32.ActiveCfg = Debug|Win32
		{41BC94FB-6C58-4E3E-ADFA-D7488F3D0C5A}.Debug|Win32.Build.0 = Debug|Win32
		{41BC94FB-6C58-4E3E-ADFA-D7488F3D0C5A}.Release|Win32.ActiveCfg = Release|Win32
		{41BC94FB-6C58-4E3E-ADFA-D7488F3D0C5A}.Release|Win32.Build.0 = Release|Win32
	EndGlobalSection
	GlobalSection(SolutionProperties) = preSolution
		HideSolutionNode = FALSE
	EndGlobalSection
EndGlobal
